<?xml version="1.0" encoding="utf-8"?>
<Project ToolsVersion="4.0" xmlns="http://schemas.microsoft.com/developer/msbuild/2003">
  <ItemGroup>
    <Filter Include="Source Files">
      <UniqueIdentifier>{4FC737F1-C7A5-4376-A066-2A32D752A2FF}</UniqueIdentifier>
      <Extensions>cpp;c;cc;cxx;c++;cppm;ixx;def;odl;idl;hpj;bat;asm;asmx</Extensions>
    </Filter>
    <Filter Include="Header Files">
      <UniqueIdentifier>{93995380-89BD-4b04-88EB-625FBE52EBFB}</UniqueIdentifier>
      <Extensions>h;hh;hpp;hxx;h++;hm;inl;inc;ipp;xsd</Extensions>
    </Filter>
    <Filter Include="Resource Files">
      <UniqueIdentifier>{67DA6AB6-F800-4c08-8B7A-83BB121AAD01}</UniqueIdentifier>
      <Extensions>rc;ico;cur;bmp;dlg;rc2;rct;bin;rgs;gif;jpg;jpeg;jpe;resx;tiff;tif;png;wav;mfcribbon-ms</Extensions>
    </Filter>
  </ItemGroup>
  <ItemGroup>
    <ClInclude Include="Types.h">
      <Filter>Header Files</Filter>
    </ClInclude>
    <ClInclude Include="Astral.h">
      <Filter>Header Files</Filter>
    </ClInclude>
    <ClInclude Include="ErrorManager.h">
      <Filter>Header Files</Filter>
    </ClInclude>
    <ClInclude Include="Runtime\BooleanHandler.h">
      <Filter>Header Files</Filter>
    </ClInclude>
    <ClInclude Include="Runtime\Interpreter.h">
      <Filter>Header Files</Filter>
    </ClInclude>
    <ClInclude Include="Runtime\MathsHandler.h">
      <Filter>Header Files</Filter>
    </ClInclude>
    <ClInclude Include="Runtime\Result.h">
      <Filter>Header Files</Filter>
    </ClInclude>
    <ClInclude Include="Runtime\Types\AstralTypes.h">
      <Filter>Header Files</Filter>
    </ClInclude>
    <ClInclude Include="Compilation\Tokenisation\Lexeme.h">
      <Filter>Header Files</Filter>
    </ClInclude>
    <ClInclude Include="Compilation\Tokenisation\Lexer.h">
      <Filter>Header Files</Filter>
    </ClInclude>
    <ClInclude Include="Compilation\Tokenisation\Token.h">
      <Filter>Header Files</Filter>
    </ClInclude>
    <ClInclude Include="Compilation\Tokenisation\TokenType.h">
      <Filter>Header Files</Filter>
    </ClInclude>
    <ClInclude Include="Compilation\Parsing\AllNodeTypes.h">
      <Filter>Header Files</Filter>
    </ClInclude>
    <ClInclude Include="Compilation\Parsing\Expression.h">
      <Filter>Header Files</Filter>
    </ClInclude>
    <ClInclude Include="Compilation\Parsing\Parser.h">
      <Filter>Header Files</Filter>
    </ClInclude>
    <ClInclude Include="Compilation\Parsing\ParseTree.h">
      <Filter>Header Files</Filter>
    </ClInclude>
    <ClInclude Include="Compilation\Parsing\Statement.h">
      <Filter>Header Files</Filter>
    </ClInclude>
    <ClInclude Include="Compilation\Parsing\Statements\Program.h">
      <Filter>Header Files</Filter>
    </ClInclude>
    <ClInclude Include="Compilation\Parsing\Expressions\BinaryOp.h">
      <Filter>Header Files</Filter>
    </ClInclude>
    <ClInclude Include="Compilation\Parsing\Expressions\Grouping.h">
      <Filter>Header Files</Filter>
    </ClInclude>
    <ClInclude Include="Compilation\Parsing\Expressions\Literal.h">
      <Filter>Header Files</Filter>
    </ClInclude>
    <ClInclude Include="Compilation\Parsing\Expressions\UnaryOp.h">
      <Filter>Header Files</Filter>
    </ClInclude>
    <ClInclude Include="Compilation\Compiler\Bytecode.h">
      <Filter>Header Files</Filter>
    </ClInclude>
    <ClInclude Include="Compilation\Compiler\Compiler.h">
      <Filter>Header Files</Filter>
    </ClInclude>
    <ClInclude Include="Compilation\Compiler\OpType.h">
      <Filter>Header Files</Filter>
    </ClInclude>
    <ClInclude Include="Compilation\Parsing\Statements\PrintStatement.h">
      <Filter>Header Files</Filter>
    </ClInclude>
  </ItemGroup>
  <ItemGroup>
    <None Include=".gitattributes" />
    <None Include=".gitignore" />
    <None Include="cpp.hint" />
    <None Include="README.md" />
  </ItemGroup>
  <ItemGroup>
    <ClCompile Include="Astral.cpp">
      <Filter>Source Files</Filter>
    </ClCompile>
    <ClCompile Include="Runtime\BooleanHandler.cpp">
      <Filter>Source Files</Filter>
    </ClCompile>
    <ClCompile Include="Runtime\Interpreter.cpp">
      <Filter>Source Files</Filter>
    </ClCompile>
    <ClCompile Include="Runtime\MathsHandler.cpp">
      <Filter>Source Files</Filter>
    </ClCompile>
    <ClCompile Include="Compilation\Tokenisation\Lexer.cpp">
      <Filter>Source Files</Filter>
    </ClCompile>
    <ClCompile Include="Compilation\Parsing\Expression.cpp">
      <Filter>Source Files</Filter>
    </ClCompile>
    <ClCompile Include="Compilation\Parsing\Parser.cpp">
      <Filter>Source Files</Filter>
    </ClCompile>
    <ClCompile Include="Compilation\Parsing\ParseTree.cpp">
      <Filter>Source Files</Filter>
    </ClCompile>
    <ClCompile Include="Compilation\Parsing\Statement.cpp">
      <Filter>Source Files</Filter>
    </ClCompile>
    <ClCompile Include="Compilation\Parsing\Statements\Program.cpp">
      <Filter>Source Files</Filter>
    </ClCompile>
    <ClCompile Include="Compilation\Parsing\Expressions\BinaryOp.cpp">
      <Filter>Source Files</Filter>
    </ClCompile>
    <ClCompile Include="Compilation\Parsing\Expressions\Grouping.cpp">
      <Filter>Source Files</Filter>
    </ClCompile>
    <ClCompile Include="Compilation\Parsing\Expressions\Literal.cpp">
      <Filter>Source Files</Filter>
    </ClCompile>
    <ClCompile Include="Compilation\Parsing\Expressions\UnaryOp.cpp">
      <Filter>Source Files</Filter>
    </ClCompile>
    <ClCompile Include="Compilation\Compiler\Compiler.cpp">
      <Filter>Source Files</Filter>
    </ClCompile>
    <ClCompile Include="Compilation\Parsing\Statements\PrintStatement.cpp">
      <Filter>Source Files</Filter>
    </ClCompile>
    <ClCompile Include="Runtime\Types\AstralTypes.cpp">
      <Filter>Source Files</Filter>
    </ClCompile>
  </ItemGroup>
</Project>